{
  "name": "aurora-design-system",
  "lockfileVersion": 2,
  "requires": true,
  "packages": {
    "": {
      "name": "aurora-design-system",
      "workspaces": [
        "packages/*",
        "apps/*"
      ]
    },
    "apps/demo": {
      "name": "@aurora/demo",
      "version": "0.1.0",
      "dependencies": {
        "@aurora/core": "0.1.0",
        "@aurora/tokens": "0.1.0",
        "@aurora/utils": "0.1.0"
      }
    },
    "node_modules/@aurora/core": {
      "resolved": "packages/core",
      "link": true
    },
    "node_modules/@aurora/demo": {
      "resolved": "apps/demo",
      "link": true
    },
    "node_modules/@aurora/docs": {
      "resolved": "packages/docs",
      "link": true
    },
    "node_modules/@aurora/react": {
      "resolved": "packages/react",
      "link": true
    },
    "node_modules/@aurora/tokens": {
      "resolved": "packages/tokens",
      "link": true
    },
    "node_modules/@aurora/utils": {
      "resolved": "packages/utils",
      "link": true
    },
    "node_modules/react": {
      "version": "19.2.3",
      "resolved": "https://registry.npmjs.org/react/-/react-19.2.3.tgz",
      "integrity": "sha512-Ku/hhYbVjOQnXDZFv2+RibmLFGwFdeeKHFcOTlrt7xplBnya5OGn/hIRDsqDiSUcfORsDC7MPxwork8jBwsIWA==",
      "peer": true,
      "engines": {
        "node": ">=0.10.0"
      }
    },
    "node_modules/react-dom": {
      "version": "19.2.3",
      "resolved": "https://registry.npmjs.org/react-dom/-/react-dom-19.2.3.tgz",
      "integrity": "sha512-yELu4WmLPw5Mr/lmeEpox5rw3RETacE++JgHqQzd2dg+YbJuat3jH4ingc+WPZhxaoFzdv9y33G+F7Nl5O0GBg==",
      "peer": true,
      "dependencies": {
        "scheduler": "^0.27.0"
      },
      "peerDependencies": {
        "react": "^19.2.3"
      }
    },
    "node_modules/scheduler": {
      "version": "0.27.0",
      "resolved": "https://registry.npmjs.org/scheduler/-/scheduler-0.27.0.tgz",
      "integrity": "sha512-eNv+WrVbKu1f3vbYJT/xtiF5syA5HPIMtf9IgY/nKg0sWqzAUEvqY/xm7OcZc/qafLx/iO9FgOmeSAp4v5ti/Q==",
      "peer": true
    },
    "packages/core": {
      "name": "@aurora/core",
      "version": "0.1.0",
      "dependencies": {
        "@aurora/tokens": "0.1.0"
      }
    },
    "packages/docs": {
      "name": "@aurora/docs",
      "version": "0.1.0",
      "dependencies": {
        "@aurora/core": "0.1.0",
        "@aurora/react": "0.1.0",
        "@aurora/tokens": "0.1.0"
      }
    },
    "packages/react": {
      "name": "@aurora/react",
      "version": "0.1.0",
      "peerDependencies": {
        "react": ">=18",
        "react-dom": ">=18"
      }
    },
    "packages/tokens": {
      "name": "@aurora/tokens",
      "version": "0.1.0"
    },
    "packages/utils": {
      "name": "@aurora/utils",
      "version": "0.1.0"
    }
  },
  "dependencies": {
    "@aurora/core": {
      "version": "file:packages/core",
      "requires": {
        "@aurora/tokens": "0.1.0"
      }
    },
    "@aurora/demo": {
      "version": "file:apps/demo",
      "requires": {
        "@aurora/core": "0.1.0",
        "@aurora/tokens": "0.1.0",
        "@aurora/utils": "0.1.0"
      }
    },
    "@aurora/docs": {
      "version": "file:packages/docs",
      "requires": {
        "@aurora/core": "0.1.0",
        "@aurora/react": "0.1.0",
        "@aurora/tokens": "0.1.0"
      }
    },
    "@aurora/react": {
      "version": "file:packages/react",
      "requires": {}
    },
    "@aurora/tokens": {
      "version": "file:packages/tokens"
    },
    "@aurora/utils": {
      "version": "file:packages/utils"
    },
    "react": {
      "version": "19.2.3",
      "resolved": "https://registry.npmjs.org/react/-/react-19.2.3.tgz",
      "integrity": "sha512-Ku/hhYbVjOQnXDZFv2+RibmLFGwFdeeKHFcOTlrt7xplBnya5OGn/hIRDsqDiSUcfORsDC7MPxwork8jBwsIWA==",
      "peer": true
    },
    "react-dom": {
      "version": "19.2.3",
      "resolved": "https://registry.npmjs.org/react-dom/-/react-dom-19.2.3.tgz",
      "integrity": "sha512-yELu4WmLPw5Mr/lmeEpox5rw3RETacE++JgHqQzd2dg+YbJuat3jH4ingc+WPZhxaoFzdv9y33G+F7Nl5O0GBg==",
      "peer": true,
      "requires": {
        "scheduler": "^0.27.0"
      }
    },
    "scheduler": {
      "version": "0.27.0",
      "resolved": "https://registry.npmjs.org/scheduler/-/scheduler-0.27.0.tgz",
      "integrity": "sha512-eNv+WrVbKu1f3vbYJT/xtiF5syA5HPIMtf9IgY/nKg0sWqzAUEvqY/xm7OcZc/qafLx/iO9FgOmeSAp4v5ti/Q==",
      "peer": true
    }
  }
}
